
Microsoft Visual Studio Solution File, Format Version 12.00
# Visual Studio Version 17
VisualStudioVersion = 17.6.33801.468
MinimumVisualStudioVersion = 10.0.40219.1
Project("{FAE04EC0-301F-11D3-BF4B-00C04F79EFBC}") = "Narcissistic number", "Narcissistic number\Narcissistic number.csproj", "{612D657C-D2C0-49C0-BED0-4C974BE9AC37}"
EndProject
Global
	GlobalSection(SolutionConfigurationPlatforms) = preSolution
		Debug|Any CPU = Debug|Any CPU
		Release|Any CPU = Release|Any CPU
	EndGlobalSection
	GlobalSection(ProjectConfigurationPlatforms) = postSolution
		{612D657C-D2C0-49C0-BED0-4C974BE9AC37}.Debug|Any CPU.ActiveCfg = Debug|Any CPU
		{612D657C-D2C0-49C0-BED0-4C974BE9AC37}.Debug|Any CPU.Build.0 = Debug|Any CPU
		{612D657C-D2C0-49C0-BED0-4C974BE9AC37}.Release|Any CPU.ActiveCfg = Release|Any CPU
		{612D657C-D2C0-49C0-BED0-4C974BE9AC37}.Release|Any CPU.Build.0 = Release|Any CPU
	EndGlobalSection
	GlobalSection(SolutionProperties) = preSolution
		HideSolutionNode = FALSE
	EndGlobalSection
	GlobalSection(ExtensibilityGlobals) = postSolution
		SolutionGuid = {E5EA8D62-A61F-4B74-BD75-7730981C86D6}
	EndGlobalSection
EndGlobal
